
Microsoft Visual Studio Solution File, Format Version 12.00
# Visual Studio Version 17
VisualStudioVersion = 17.8.34511.84
MinimumVisualStudioVersion = 10.0.40219.1
Project("{FAE04EC0-301F-11D3-BF4B-00C04F79EFBC}") = "CardGame21", "CardGame21\CardGame21.csproj", "{EC7623CA-1462-458A-A649-9BE8DD0E4C64}"
EndProject
Global
	GlobalSection(SolutionConfigurationPlatforms) = preSolution
		Debug|Any CPU = Debug|Any CPU
		Release|Any CPU = Release|Any CPU
	EndGlobalSection
	GlobalSection(ProjectConfigurationPlatforms) = postSolution
		{EC7623CA-1462-458A-A649-9BE8DD0E4C64}.Debug|Any CPU.ActiveCfg = Debug|Any CPU
		{EC7623CA-1462-458A-A649-9BE8DD0E4C64}.Debug|Any CPU.Build.0 = Debug|Any CPU
		{EC7623CA-1462-458A-A649-9BE8DD0E4C64}.Release|Any CPU.ActiveCfg = Release|Any CPU
		{EC7623CA-1462-458A-A649-9BE8DD0E4C64}.Release|Any CPU.Build.0 = Release|Any CPU
	EndGlobalSection
	GlobalSection(SolutionProperties) = preSolution
		HideSolutionNode = FALSE
	EndGlobalSection
	GlobalSection(ExtensibilityGlobals) = postSolution
		SolutionGuid = {D10F76B2-147A-44DA-A45D-0B502FEDB1E0}
	EndGlobalSection
EndGlobal
